{
	"name": "@flyv/markdown-loader",
	"version": "1.0.0",
	"lockfileVersion": 1,
	"requires": true,
	"dependencies": {
		"@babel/code-frame": {
			"version": "7.16.7",
			"resolved": "https://registry.npmjs.org/@babel/code-frame/-/code-frame-7.16.7.tgz",
			"integrity": "sha512-iAXqUn8IIeBTNd72xsFlgaXHkMBMt6y4HJp1tIaK465CWLT/fG1aqB7ykr95gHHmlBdGbFeWWfyB4NJJ0nmeIg==",
			"dev": true,
			"requires": {
				"@babel/highlight": "^7.16.7"
			}
		},
		"@babel/generator": {
			"version": "7.16.8",
			"resolved": "https://registry.npmjs.org/@babel/generator/-/generator-7.16.8.tgz",
			"integrity": "sha512-1ojZwE9+lOXzcWdWmO6TbUzDfqLD39CmEhN8+2cX9XkDo5yW1OpgfejfliysR2AWLpMamTiOiAp/mtroaymhpw==",
			"dev": true,
			"requires": {
				"@babel/types": "^7.16.8",
				"jsesc": "^2.5.1",
				"source-map": "^0.5.0"
			}
		},
		"@babel/helper-annotate-as-pure": {
			"version": "7.16.7",
			"resolved": "https://registry.npmjs.org/@babel/helper-annotate-as-pure/-/helper-annotate-as-pure-7.16.7.tgz",
			"integrity": "sha512-s6t2w/IPQVTAET1HitoowRGXooX8mCgtuP5195wD/QJPV6wYjpujCGF7JuMODVX2ZAJOf1GT6DT9MHEZvLOFSw==",
			"dev": true,
			"requires": {
				"@babel/types": "^7.16.7"
			}
		},
		"@babel/helper-create-class-features-plugin": {
			"version": "7.16.7",
			"resolved": "https://registry.npmjs.org/@babel/helper-create-class-features-plugin/-/helper-create-class-features-plugin-7.16.7.tgz",
			"integrity": "sha512-kIFozAvVfK05DM4EVQYKK+zteWvY85BFdGBRQBytRyY3y+6PX0DkDOn/CZ3lEuczCfrCxEzwt0YtP/87YPTWSw==",
			"dev": true,
			"requires": {
				"@babel/helper-annotate-as-pure": "^7.16.7",
				"@babel/helper-environment-visitor": "^7.16.7",
				"@babel/helper-function-name": "^7.16.7",
				"@babel/helper-member-expression-to-functions": "^7.16.7",
				"@babel/helper-optimise-call-expression": "^7.16.7",
				"@babel/helper-replace-supers": "^7.16.7",
				"@babel/helper-split-export-declaration": "^7.16.7"
			}
		},
		"@babel/helper-environment-visitor": {
			"version": "7.16.7",
			"resolved": "https://registry.npmjs.org/@babel/helper-environment-visitor/-/helper-environment-visitor-7.16.7.tgz",
			"integrity": "sha512-SLLb0AAn6PkUeAfKJCCOl9e1R53pQlGAfc4y4XuMRZfqeMYLE0dM1LMhqbGAlGQY0lfw5/ohoYWAe9V1yibRag==",
			"dev": true,
			"requires": {
				"@babel/types": "^7.16.7"
			}
		},
		"@babel/helper-function-name": {
			"version": "7.16.7",
			"resolved": "https://registry.npmjs.org/@babel/helper-function-name/-/helper-function-name-7.16.7.tgz",
			"integrity": "sha512-QfDfEnIUyyBSR3HtrtGECuZ6DAyCkYFp7GHl75vFtTnn6pjKeK0T1DB5lLkFvBea8MdaiUABx3osbgLyInoejA==",
			"dev": true,
			"requires": {
				"@babel/helper-get-function-arity": "^7.16.7",
				"@babel/template": "^7.16.7",
				"@babel/types": "^7.16.7"
			}
		},
		"@babel/helper-get-function-arity": {
			"version": "7.16.7",
			"resolved": "https://registry.npmjs.org/@babel/helper-get-function-arity/-/helper-get-function-arity-7.16.7.tgz",
			"integrity": "sha512-flc+RLSOBXzNzVhcLu6ujeHUrD6tANAOU5ojrRx/as+tbzf8+stUCj7+IfRRoAbEZqj/ahXEMsjhOhgeZsrnTw==",
			"dev": true,
			"requires": {
				"@babel/types": "^7.16.7"
			}
		},
		"@babel/helper-hoist-variables": {
			"version": "7.16.7",
			"resolved": "https://registry.npmjs.org/@babel/helper-hoist-variables/-/helper-hoist-variables-7.16.7.tgz",
			"integrity": "sha512-m04d/0Op34H5v7pbZw6pSKP7weA6lsMvfiIAMeIvkY/R4xQtBSMFEigu9QTZ2qB/9l22vsxtM8a+Q8CzD255fg==",
			"dev": true,
			"requires": {
				"@babel/types": "^7.16.7"
			}
		},
		"@babel/helper-member-expression-to-functions": {
			"version": "7.16.7",
			"resolved": "https://registry.npmjs.org/@babel/helper-member-expression-to-functions/-/helper-member-expression-to-functions-7.16.7.tgz",
			"integrity": "sha512-VtJ/65tYiU/6AbMTDwyoXGPKHgTsfRarivm+YbB5uAzKUyuPjgZSgAFeG87FCigc7KNHu2Pegh1XIT3lXjvz3Q==",
			"dev": true,
			"requires": {
				"@babel/types": "^7.16.7"
			}
		},
		"@babel/helper-optimise-call-expression": {
			"version": "7.16.7",
			"resolved": "https://registry.npmjs.org/@babel/helper-optimise-call-expression/-/helper-optimise-call-expression-7.16.7.tgz",
			"integrity": "sha512-EtgBhg7rd/JcnpZFXpBy0ze1YRfdm7BnBX4uKMBd3ixa3RGAE002JZB66FJyNH7g0F38U05pXmA5P8cBh7z+1w==",
			"dev": true,
			"requires": {
				"@babel/types": "^7.16.7"
			}
		},
		"@babel/helper-plugin-utils": {
			"version": "7.16.7",
			"resolved": "https://registry.npmjs.org/@babel/helper-plugin-utils/-/helper-plugin-utils-7.16.7.tgz",
			"integrity": "sha512-Qg3Nk7ZxpgMrsox6HreY1ZNKdBq7K72tDSliA6dCl5f007jR4ne8iD5UzuNnCJH2xBf2BEEVGr+/OL6Gdp7RxA==",
			"dev": true
		},
		"@babel/helper-replace-supers": {
			"version": "7.16.7",
			"resolved": "https://registry.npmjs.org/@babel/helper-replace-supers/-/helper-replace-supers-7.16.7.tgz",
			"integrity": "sha512-y9vsWilTNaVnVh6xiJfABzsNpgDPKev9HnAgz6Gb1p6UUwf9NepdlsV7VXGCftJM+jqD5f7JIEubcpLjZj5dBw==",
			"dev": true,
			"requires": {
				"@babel/helper-environment-visitor": "^7.16.7",
				"@babel/helper-member-expression-to-functions": "^7.16.7",
				"@babel/helper-optimise-call-expression": "^7.16.7",
				"@babel/traverse": "^7.16.7",
				"@babel/types": "^7.16.7"
			}
		},
		"@babel/helper-split-export-declaration": {
			"version": "7.16.7",
			"resolved": "https://registry.npmjs.org/@babel/helper-split-export-declaration/-/helper-split-export-declaration-7.16.7.tgz",
			"integrity": "sha512-xbWoy/PFoxSWazIToT9Sif+jJTlrMcndIsaOKvTA6u7QEo7ilkRZpjew18/W3c7nm8fXdUDXh02VXTbZ0pGDNw==",
			"dev": true,
			"requires": {
				"@babel/types": "^7.16.7"
			}
		},
		"@babel/helper-validator-identifier": {
			"version": "7.16.7",
			"resolved": "https://registry.npmjs.org/@babel/helper-validator-identifier/-/helper-validator-identifier-7.16.7.tgz",
			"integrity": "sha512-hsEnFemeiW4D08A5gUAZxLBTXpZ39P+a+DGDsHw1yxqyQ/jzFEnxf5uTEGp+3bzAbNOxU1paTgYS4ECU/IgfDw==",
			"dev": true
		},
		"@babel/helper-validator-option": {
			"version": "7.16.7",
			"resolved": "https://registry.npmjs.org/@babel/helper-validator-option/-/helper-validator-option-7.16.7.tgz",
			"integrity": "sha512-TRtenOuRUVo9oIQGPC5G9DgK4743cdxvtOw0weQNpZXaS16SCBi5MNjZF8vba3ETURjZpTbVn7Vvcf2eAwFozQ==",
			"dev": true
		},
		"@babel/highlight": {
			"version": "7.16.7",
			"resolved": "https://registry.npmjs.org/@babel/highlight/-/highlight-7.16.7.tgz",
			"integrity": "sha512-aKpPMfLvGO3Q97V0qhw/V2SWNWlwfJknuwAunU7wZLSfrM4xTBvg7E5opUVi1kJTBKihE38CPg4nBiqX83PWYw==",
			"dev": true,
			"requires": {
				"@babel/helper-validator-identifier": "^7.16.7",
				"chalk": "^2.0.0",
				"js-tokens": "^4.0.0"
			}
		},
		"@babel/parser": {
			"version": "7.16.8",
			"resolved": "https://registry.npmjs.org/@babel/parser/-/parser-7.16.8.tgz",
			"integrity": "sha512-i7jDUfrVBWc+7OKcBzEe5n7fbv3i2fWtxKzzCvOjnzSxMfWMigAhtfJ7qzZNGFNMsCCd67+uz553dYKWXPvCKw==",
			"dev": true
		},
		"@babel/plugin-syntax-typescript": {
			"version": "7.16.7",
			"resolved": "https://registry.npmjs.org/@babel/plugin-syntax-typescript/-/plugin-syntax-typescript-7.16.7.tgz",
			"integrity": "sha512-YhUIJHHGkqPgEcMYkPCKTyGUdoGKWtopIycQyjJH8OjvRgOYsXsaKehLVPScKJWAULPxMa4N1vCe6szREFlZ7A==",
			"dev": true,
			"requires": {
				"@babel/helper-plugin-utils": "^7.16.7"
			}
		},
		"@babel/plugin-transform-typescript": {
			"version": "7.16.8",
			"resolved": "https://registry.npmjs.org/@babel/plugin-transform-typescript/-/plugin-transform-typescript-7.16.8.tgz",
			"integrity": "sha512-bHdQ9k7YpBDO2d0NVfkj51DpQcvwIzIusJ7mEUaMlbZq3Kt/U47j24inXZHQ5MDiYpCs+oZiwnXyKedE8+q7AQ==",
			"dev": true,
			"requires": {
				"@babel/helper-create-class-features-plugin": "^7.16.7",
				"@babel/helper-plugin-utils": "^7.16.7",
				"@babel/plugin-syntax-typescript": "^7.16.7"
			}
		},
		"@babel/preset-typescript": {
			"version": "7.16.7",
			"resolved": "https://registry.npmjs.org/@babel/preset-typescript/-/preset-typescript-7.16.7.tgz",
			"integrity": "sha512-WbVEmgXdIyvzB77AQjGBEyYPZx+8tTsO50XtfozQrkW8QB2rLJpH2lgx0TRw5EJrBxOZQ+wCcyPVQvS8tjEHpQ==",
			"dev": true,
			"requires": {
				"@babel/helper-plugin-utils": "^7.16.7",
				"@babel/helper-validator-option": "^7.16.7",
				"@babel/plugin-transform-typescript": "^7.16.7"
			}
		},
		"@babel/template": {
			"version": "7.16.7",
			"resolved": "https://registry.npmjs.org/@babel/template/-/template-7.16.7.tgz",
			"integrity": "sha512-I8j/x8kHUrbYRTUxXrrMbfCa7jxkE7tZre39x3kjr9hvI82cK1FfqLygotcWN5kdPGWcLdWMHpSBavse5tWw3w==",
			"dev": true,
			"requires": {
				"@babel/code-frame": "^7.16.7",
				"@babel/parser": "^7.16.7",
				"@babel/types": "^7.16.7"
			}
		},
		"@babel/traverse": {
			"version": "7.16.8",
			"resolved": "https://registry.npmjs.org/@babel/traverse/-/traverse-7.16.8.tgz",
			"integrity": "sha512-xe+H7JlvKsDQwXRsBhSnq1/+9c+LlQcCK3Tn/l5sbx02HYns/cn7ibp9+RV1sIUqu7hKg91NWsgHurO9dowITQ==",
			"dev": true,
			"requires": {
				"@babel/code-frame": "^7.16.7",
				"@babel/generator": "^7.16.8",
				"@babel/helper-environment-visitor": "^7.16.7",
				"@babel/helper-function-name": "^7.16.7",
				"@babel/helper-hoist-variables": "^7.16.7",
				"@babel/helper-split-export-declaration": "^7.16.7",
				"@babel/parser": "^7.16.8",
				"@babel/types": "^7.16.8",
				"debug": "^4.1.0",
				"globals": "^11.1.0"
			}
		},
		"@babel/types": {
			"version": "7.16.8",
			"resolved": "https://registry.npmjs.org/@babel/types/-/types-7.16.8.tgz",
			"integrity": "sha512-smN2DQc5s4M7fntyjGtyIPbRJv6wW4rU/94fmYJ7PKQuZkC0qGMHXJbg6sNGt12JmVr4k5YaptI/XtiLJBnmIg==",
			"dev": true,
			"requires": {
				"@babel/helper-validator-identifier": "^7.16.7",
				"to-fast-properties": "^2.0.0"
			}
		},
		"ansi-styles": {
			"version": "3.2.1",
			"resolved": "http://r.cnpmjs.org/ansi-styles/download/ansi-styles-3.2.1.tgz",
			"integrity": "sha1-QfuyAkPlCxK+DwS43tvwdSDOhB0=",
			"dev": true,
			"requires": {
				"color-convert": "^1.9.0"
			}
		},
		"argparse": {
			"version": "2.0.1",
			"resolved": "https://registry.npmjs.org/argparse/-/argparse-2.0.1.tgz",
			"integrity": "sha512-8+9WqebbFzpX9OR+Wa6O29asIogeRMzcGtAINdpMHHyAg10f05aSFVBbcEqGf/PXw1EjAZ+q2/bEBg3DvurK3Q=="
		},
		"array-filter": {
			"version": "0.0.1",
			"resolved": "http://r.cnpmjs.org/array-filter/download/array-filter-0.0.1.tgz",
			"integrity": "sha1-fajPLiZijtcygDWB/SH2fKzS7uw=",
			"dev": true
		},
		"array-map": {
			"version": "0.0.0",
			"resolved": "http://r.cnpmjs.org/array-map/download/array-map-0.0.0.tgz",
			"integrity": "sha1-iKK6tz0c97zVwbEYoAP2b2ZfpmI=",
			"dev": true
		},
		"array-reduce": {
			"version": "0.0.0",
			"resolved": "http://r.cnpmjs.org/array-reduce/download/array-reduce-0.0.0.tgz",
			"integrity": "sha1-FziZ0//Rx9k4PkR5Ul2+J4yrXys=",
			"dev": true
		},
		"balanced-match": {
			"version": "1.0.0",
			"resolved": "http://r.cnpmjs.org/balanced-match/download/balanced-match-1.0.0.tgz",
			"integrity": "sha1-ibTRmasr7kneFk6gK4nORi1xt2c=",
			"dev": true
		},
		"brace-expansion": {
			"version": "1.1.11",
			"resolved": "http://r.cnpmjs.org/brace-expansion/download/brace-expansion-1.1.11.tgz",
			"integrity": "sha1-PH/L9SnYcibz0vUrlm/1Jx60Qd0=",
			"dev": true,
			"requires": {
				"balanced-match": "^1.0.0",
				"concat-map": "0.0.1"
			}
		},
		"chalk": {
			"version": "2.4.2",
			"resolved": "http://r.cnpmjs.org/chalk/download/chalk-2.4.2.tgz",
			"integrity": "sha1-zUJUFnelQzPPVBpJEIwUMrRMlCQ=",
			"dev": true,
			"requires": {
				"ansi-styles": "^3.2.1",
				"escape-string-regexp": "^1.0.5",
				"supports-color": "^5.3.0"
			}
		},
		"color-convert": {
			"version": "1.9.3",
			"resolved": "http://r.cnpmjs.org/color-convert/download/color-convert-1.9.3.tgz",
			"integrity": "sha1-u3GFBpDh8TZWfeYp0tVHHe2kweg=",
			"dev": true,
			"requires": {
				"color-name": "1.1.3"
			}
		},
		"color-name": {
			"version": "1.1.3",
			"resolved": "http://r.cnpmjs.org/color-name/download/color-name-1.1.3.tgz",
			"integrity": "sha1-p9BVi9icQveV3UIyj3QIMcpTvCU=",
			"dev": true
		},
		"concat-map": {
			"version": "0.0.1",
			"resolved": "http://r.cnpmjs.org/concat-map/download/concat-map-0.0.1.tgz",
			"integrity": "sha1-2Klr13/Wjfd5OnMDajug1UBdR3s=",
			"dev": true
		},
		"cross-spawn": {
			"version": "6.0.5",
			"resolved": "http://r.cnpmjs.org/cross-spawn/download/cross-spawn-6.0.5.tgz",
			"integrity": "sha1-Sl7Hxk364iw6FBJNus3uhG2Ay8Q=",
			"dev": true,
			"requires": {
				"nice-try": "^1.0.4",
				"path-key": "^2.0.1",
				"semver": "^5.5.0",
				"shebang-command": "^1.2.0",
				"which": "^1.2.9"
			}
		},
		"debug": {
			"version": "4.3.3",
			"resolved": "https://registry.npmjs.org/debug/-/debug-4.3.3.tgz",
			"integrity": "sha512-/zxw5+vh1Tfv+4Qn7a5nsbcJKPaSvCDhojn6FEl9vupwK2VCSDtEiEtqr8DFtzYFOdz63LBkxec7DYuc2jon6Q==",
			"dev": true,
			"requires": {
				"ms": "2.1.2"
			}
		},
		"define-properties": {
			"version": "1.1.3",
			"resolved": "http://r.cnpmjs.org/define-properties/download/define-properties-1.1.3.tgz",
			"integrity": "sha1-z4jabL7ib+bbcJT2HYcMvYTO6fE=",
			"dev": true,
			"requires": {
				"object-keys": "^1.0.12"
			}
		},
		"entities": {
			"version": "2.1.0",
			"resolved": "https://registry.npmjs.org/entities/-/entities-2.1.0.tgz",
			"integrity": "sha512-hCx1oky9PFrJ611mf0ifBLBRW8lUUVRlFolb5gWRfIELabBlbp9xZvrqZLZAs+NxFnbfQoeGd8wDkygjg7U85w=="
		},
		"error-ex": {
			"version": "1.3.2",
			"resolved": "http://r.cnpmjs.org/error-ex/download/error-ex-1.3.2.tgz",
			"integrity": "sha1-tKxAZIEH/c3PriQvQovqihTU8b8=",
			"dev": true,
			"requires": {
				"is-arrayish": "^0.2.1"
			}
		},
		"es-abstract": {
			"version": "1.13.0",
			"resolved": "http://r.cnpmjs.org/es-abstract/download/es-abstract-1.13.0.tgz",
			"integrity": "sha1-rIYUX91QmdjdSVWMy6Lq+biOJOk=",
			"dev": true,
			"requires": {
				"es-to-primitive": "^1.2.0",
				"function-bind": "^1.1.1",
				"has": "^1.0.3",
				"is-callable": "^1.1.4",
				"is-regex": "^1.0.4",
				"object-keys": "^1.0.12"
			}
		},
		"es-to-primitive": {
			"version": "1.2.0",
			"resolved": "http://r.cnpmjs.org/es-to-primitive/download/es-to-primitive-1.2.0.tgz",
			"integrity": "sha1-7fckeAM0VujdqO8J4ArZZQcH83c=",
			"dev": true,
			"requires": {
				"is-callable": "^1.1.4",
				"is-date-object": "^1.0.1",
				"is-symbol": "^1.0.2"
			}
		},
		"escape-string-regexp": {
			"version": "1.0.5",
			"resolved": "http://r.cnpmjs.org/escape-string-regexp/download/escape-string-regexp-1.0.5.tgz",
			"integrity": "sha1-G2HAViGQqN/2rjuyzwIAyhMLhtQ=",
			"dev": true
		},
		"function-bind": {
			"version": "1.1.1",
			"resolved": "http://r.cnpmjs.org/function-bind/download/function-bind-1.1.1.tgz",
			"integrity": "sha1-pWiZ0+o8m6uHS7l3O3xe3pL0iV0=",
			"dev": true
		},
		"globals": {
			"version": "11.12.0",
			"resolved": "https://registry.npmjs.org/globals/-/globals-11.12.0.tgz",
			"integrity": "sha512-WOBp/EEGUiIsJSp7wcv/y6MO+lV9UoncWqxuFfm8eBwzWNgyfBd6Gz+IeKQ9jCmyhoH99g15M3T+QaVHFjizVA==",
			"dev": true
		},
		"graceful-fs": {
			"version": "4.1.15",
			"resolved": "http://r.cnpmjs.org/graceful-fs/download/graceful-fs-4.1.15.tgz",
			"integrity": "sha1-/7cD4QZuig7qpMi4C6klPu77+wA=",
			"dev": true
		},
		"has": {
			"version": "1.0.3",
			"resolved": "http://r.cnpmjs.org/has/download/has-1.0.3.tgz",
			"integrity": "sha1-ci18v8H2qoJB8W3YFOAR4fQeh5Y=",
			"dev": true,
			"requires": {
				"function-bind": "^1.1.1"
			}
		},
		"has-flag": {
			"version": "3.0.0",
			"resolved": "http://r.cnpmjs.org/has-flag/download/has-flag-3.0.0.tgz",
			"integrity": "sha1-tdRU3CGZriJWmfNGfloH87lVuv0=",
			"dev": true
		},
		"has-symbols": {
			"version": "1.0.0",
			"resolved": "http://r.cnpmjs.org/has-symbols/download/has-symbols-1.0.0.tgz",
			"integrity": "sha1-uhqPGvKg/DllD1yFA2dwQSIGO0Q=",
			"dev": true
		},
		"highlight.js": {
			"version": "9.15.6",
			"resolved": "http://npm.baijiahulian.com/highlight.js/-/highlight.js-9.15.6.tgz",
			"integrity": "sha1-ctTY13nsBmr5oXyxQ2DD3vCqV8Q="
		},
		"hosted-git-info": {
			"version": "2.7.1",
			"resolved": "http://r.cnpmjs.org/hosted-git-info/download/hosted-git-info-2.7.1.tgz",
			"integrity": "sha1-l/I2l3vW4SVAiTD/bePuxigewEc=",
			"dev": true
		},
		"is-arrayish": {
			"version": "0.2.1",
			"resolved": "http://r.cnpmjs.org/is-arrayish/download/is-arrayish-0.2.1.tgz",
			"integrity": "sha1-d8mYQFJ6qOyxqLppe4BkWnqSap0=",
			"dev": true
		},
		"is-callable": {
			"version": "1.1.4",
			"resolved": "http://r.cnpmjs.org/is-callable/download/is-callable-1.1.4.tgz",
			"integrity": "sha1-HhrfIZ4e62hNaR+dagX/DTCiTXU=",
			"dev": true
		},
		"is-date-object": {
			"version": "1.0.1",
			"resolved": "http://r.cnpmjs.org/is-date-object/download/is-date-object-1.0.1.tgz",
			"integrity": "sha1-mqIOtq7rv/d/vTPnTKAbM1gdOhY=",
			"dev": true
		},
		"is-regex": {
			"version": "1.0.4",
			"resolved": "http://r.cnpmjs.org/is-regex/download/is-regex-1.0.4.tgz",
			"integrity": "sha1-VRdIm1RwkbCTDglWVM7SXul+lJE=",
			"dev": true,
			"requires": {
				"has": "^1.0.1"
			}
		},
		"is-symbol": {
			"version": "1.0.2",
			"resolved": "http://r.cnpmjs.org/is-symbol/download/is-symbol-1.0.2.tgz",
			"integrity": "sha1-oFX2rlcZLK7jKeeoYBGLSXqVDzg=",
			"dev": true,
			"requires": {
				"has-symbols": "^1.0.0"
			}
		},
		"isexe": {
			"version": "2.0.0",
			"resolved": "http://r.cnpmjs.org/isexe/download/isexe-2.0.0.tgz",
			"integrity": "sha1-6PvzdNxVb/iUehDcsFctYz8s+hA=",
			"dev": true
		},
		"js-tokens": {
			"version": "4.0.0",
			"resolved": "https://registry.npmjs.org/js-tokens/-/js-tokens-4.0.0.tgz",
			"integrity": "sha512-RdJUflcE3cUzKiMqQgsCu06FPu9UdIJO0beYbPhHN4k6apgJtifcoCtT9bcxOpYBtpD2kCM6Sbzg4CausW/PKQ==",
			"dev": true
		},
		"jsesc": {
			"version": "2.5.2",
			"resolved": "https://registry.npmjs.org/jsesc/-/jsesc-2.5.2.tgz",
			"integrity": "sha512-OYu7XEzjkCQ3C5Ps3QIZsQfNpqoJyZZA99wd9aWd05NCtC5pWOkShK2mkL6HXQR6/Cy2lbNdPlZBpuQHXE63gA==",
			"dev": true
		},
		"json-parse-better-errors": {
			"version": "1.0.2",
			"resolved": "http://r.cnpmjs.org/json-parse-better-errors/download/json-parse-better-errors-1.0.2.tgz",
			"integrity": "sha1-u4Z8+zRQ5pEHwTHRxRS6s9yLyqk=",
			"dev": true
		},
		"jsonify": {
			"version": "0.0.0",
			"resolved": "http://r.cnpmjs.org/jsonify/download/jsonify-0.0.0.tgz",
			"integrity": "sha1-LHS27kHZPKUbe1qu6PUDYx0lKnM=",
			"dev": true
		},
		"linkify-it": {
			"version": "3.0.3",
			"resolved": "https://registry.npmjs.org/linkify-it/-/linkify-it-3.0.3.tgz",
			"integrity": "sha512-ynTsyrFSdE5oZ/O9GEf00kPngmOfVwazR5GKDq6EYfhlpFug3J2zybX56a2PRRpc9P+FuSoGNAwjlbDs9jJBPQ==",
			"requires": {
				"uc.micro": "^1.0.1"
			}
		},
		"load-json-file": {
			"version": "4.0.0",
			"resolved": "http://r.cnpmjs.org/load-json-file/download/load-json-file-4.0.0.tgz",
			"integrity": "sha1-L19Fq5HjMhYjT9U62rZo607AmTs=",
			"dev": true,
			"requires": {
				"graceful-fs": "^4.1.2",
				"parse-json": "^4.0.0",
				"pify": "^3.0.0",
				"strip-bom": "^3.0.0"
			}
		},
		"markdown-it": {
			"version": "12.3.2",
			"resolved": "https://registry.npmjs.org/markdown-it/-/markdown-it-12.3.2.tgz",
			"integrity": "sha512-TchMembfxfNVpHkbtriWltGWc+m3xszaRD0CZup7GFFhzIgQqxIfn3eGj1yZpfuflzPvfkt611B2Q/Bsk1YnGg==",
			"requires": {
				"argparse": "^2.0.1",
				"entities": "~2.1.0",
				"linkify-it": "^3.0.1",
				"mdurl": "^1.0.1",
				"uc.micro": "^1.0.5"
			}
		},
		"mdurl": {
			"version": "1.0.1",
			"resolved": "https://registry.npmjs.org/mdurl/-/mdurl-1.0.1.tgz",
			"integrity": "sha1-/oWy7HWlkDfyrf7BAP1sYBdhFS4="
		},
		"memorystream": {
			"version": "0.3.1",
			"resolved": "http://r.cnpmjs.org/memorystream/download/memorystream-0.3.1.tgz",
			"integrity": "sha1-htcJCzDORV1j+64S3aUaR93K+bI=",
			"dev": true
		},
		"minimatch": {
			"version": "3.0.4",
			"resolved": "http://r.cnpmjs.org/minimatch/download/minimatch-3.0.4.tgz",
			"integrity": "sha1-UWbihkV/AzBgZL5Ul+jbsMPTIIM=",
			"dev": true,
			"requires": {
				"brace-expansion": "^1.1.7"
			}
		},
		"ms": {
			"version": "2.1.2",
			"resolved": "https://registry.npmjs.org/ms/-/ms-2.1.2.tgz",
			"integrity": "sha512-sGkPx+VjMtmA6MX27oA4FBFELFCZZ4S4XqeGOXCv68tT+jb3vk/RyaKWP0PTKyWtmLSM0b+adUTEvbs1PEaH2w==",
			"dev": true
		},
		"nice-try": {
			"version": "1.0.5",
			"resolved": "http://r.cnpmjs.org/nice-try/download/nice-try-1.0.5.tgz",
			"integrity": "sha1-ozeKdpbOfSI+iPybdkvX7xCJ42Y=",
			"dev": true
		},
		"normalize-package-data": {
			"version": "2.5.0",
			"resolved": "http://r.cnpmjs.org/normalize-package-data/download/normalize-package-data-2.5.0.tgz",
			"integrity": "sha1-5m2xg4sgDB38IzIl0SyzZSDiNKg=",
			"dev": true,
			"requires": {
				"hosted-git-info": "^2.1.4",
				"resolve": "^1.10.0",
				"semver": "2 || 3 || 4 || 5",
				"validate-npm-package-license": "^3.0.1"
			}
		},
		"npm-run-all": {
			"version": "4.1.5",
			"resolved": "http://r.cnpmjs.org/npm-run-all/download/npm-run-all-4.1.5.tgz",
			"integrity": "sha1-BEdiAqFe4OLiFAgIYb/xKlHZj7o=",
			"dev": true,
			"requires": {
				"ansi-styles": "^3.2.1",
				"chalk": "^2.4.1",
				"cross-spawn": "^6.0.5",
				"memorystream": "^0.3.1",
				"minimatch": "^3.0.4",
				"pidtree": "^0.3.0",
				"read-pkg": "^3.0.0",
				"shell-quote": "^1.6.1",
				"string.prototype.padend": "^3.0.0"
			}
		},
		"object-keys": {
			"version": "1.1.1",
			"resolved": "http://r.cnpmjs.org/object-keys/download/object-keys-1.1.1.tgz",
			"integrity": "sha1-HEfyct8nfzsdrwYWd9nILiMixg4=",
			"dev": true
		},
		"parse-json": {
			"version": "4.0.0",
			"resolved": "http://r.cnpmjs.org/parse-json/download/parse-json-4.0.0.tgz",
			"integrity": "sha1-vjX1Qlvh9/bHRxhPmKeIy5lHfuA=",
			"dev": true,
			"requires": {
				"error-ex": "^1.3.1",
				"json-parse-better-errors": "^1.0.1"
			}
		},
		"path-key": {
			"version": "2.0.1",
			"resolved": "http://r.cnpmjs.org/path-key/download/path-key-2.0.1.tgz",
			"integrity": "sha1-QRyttXTFoUDTpLGRDUDYDMn0C0A=",
			"dev": true
		},
		"path-parse": {
			"version": "1.0.6",
			"resolved": "http://r.cnpmjs.org/path-parse/download/path-parse-1.0.6.tgz",
			"integrity": "sha1-1i27VnlAXXLEc37FhgDp3c8G0kw=",
			"dev": true
		},
		"path-type": {
			"version": "3.0.0",
			"resolved": "http://r.cnpmjs.org/path-type/download/path-type-3.0.0.tgz",
			"integrity": "sha1-zvMdyOCho7sNEFwM2Xzzv0f0428=",
			"dev": true,
			"requires": {
				"pify": "^3.0.0"
			}
		},
		"pidtree": {
			"version": "0.3.0",
			"resolved": "http://r.cnpmjs.org/pidtree/download/pidtree-0.3.0.tgz",
			"integrity": "sha1-9vraEPzMn5m/UOkNCyPXLJ68Lms=",
			"dev": true
		},
		"pify": {
			"version": "3.0.0",
			"resolved": "http://r.cnpmjs.org/pify/download/pify-3.0.0.tgz",
			"integrity": "sha1-5aSs0sEB/fPZpNB/DbxNtJ3SgXY=",
			"dev": true
		},
		"read-pkg": {
			"version": "3.0.0",
			"resolved": "http://r.cnpmjs.org/read-pkg/download/read-pkg-3.0.0.tgz",
			"integrity": "sha1-nLxoaXj+5l0WwA4rGcI3/Pbjg4k=",
			"dev": true,
			"requires": {
				"load-json-file": "^4.0.0",
				"normalize-package-data": "^2.3.2",
				"path-type": "^3.0.0"
			}
		},
		"resolve": {
			"version": "1.11.0",
			"resolved": "http://r.cnpmjs.org/resolve/download/resolve-1.11.0.tgz",
			"integrity": "sha1-QBSHC6KWF2uGND1Qtg87UGCc4jI=",
			"dev": true,
			"requires": {
				"path-parse": "^1.0.6"
			}
		},
		"semver": {
			"version": "5.7.0",
			"resolved": "http://r.cnpmjs.org/semver/download/semver-5.7.0.tgz",
			"integrity": "sha1-eQp89v6lRZuslhELKbYEEtyP+Ws=",
			"dev": true
		},
		"shebang-command": {
			"version": "1.2.0",
			"resolved": "http://r.cnpmjs.org/shebang-command/download/shebang-command-1.2.0.tgz",
			"integrity": "sha1-RKrGW2lbAzmJaMOfNj/uXer98eo=",
			"dev": true,
			"requires": {
				"shebang-regex": "^1.0.0"
			}
		},
		"shebang-regex": {
			"version": "1.0.0",
			"resolved": "http://r.cnpmjs.org/shebang-regex/download/shebang-regex-1.0.0.tgz",
			"integrity": "sha1-2kL0l0DAtC2yypcoVxyxkMmO/qM=",
			"dev": true
		},
		"shell-quote": {
			"version": "1.6.1",
			"resolved": "http://r.cnpmjs.org/shell-quote/download/shell-quote-1.6.1.tgz",
			"integrity": "sha1-9HgZSczkAmlxJ0MOo7PFR29IF2c=",
			"dev": true,
			"requires": {
				"array-filter": "~0.0.0",
				"array-map": "~0.0.0",
				"array-reduce": "~0.0.0",
				"jsonify": "~0.0.0"
			}
		},
		"source-map": {
			"version": "0.5.7",
			"resolved": "https://registry.npmjs.org/source-map/-/source-map-0.5.7.tgz",
			"integrity": "sha1-igOdLRAh0i0eoUyA2OpGi6LvP8w=",
			"dev": true
		},
		"spdx-correct": {
			"version": "3.1.0",
			"resolved": "http://r.cnpmjs.org/spdx-correct/download/spdx-correct-3.1.0.tgz",
			"integrity": "sha1-+4PlBERSaPFUsHTiGMh8ADzTHfQ=",
			"dev": true,
			"requires": {
				"spdx-expression-parse": "^3.0.0",
				"spdx-license-ids": "^3.0.0"
			}
		},
		"spdx-exceptions": {
			"version": "2.2.0",
			"resolved": "http://r.cnpmjs.org/spdx-exceptions/download/spdx-exceptions-2.2.0.tgz",
			"integrity": "sha1-LqRQrudPKom/uUUZwH/Nb0EyKXc=",
			"dev": true
		},
		"spdx-expression-parse": {
			"version": "3.0.0",
			"resolved": "http://r.cnpmjs.org/spdx-expression-parse/download/spdx-expression-parse-3.0.0.tgz",
			"integrity": "sha1-meEZt6XaAOBUkcn6M4t5BII7QdA=",
			"dev": true,
			"requires": {
				"spdx-exceptions": "^2.1.0",
				"spdx-license-ids": "^3.0.0"
			}
		},
		"spdx-license-ids": {
			"version": "3.0.4",
			"resolved": "http://r.cnpmjs.org/spdx-license-ids/download/spdx-license-ids-3.0.4.tgz",
			"integrity": "sha1-dezRqI3owYTvAV6vtRtbSL/RG7E=",
			"dev": true
		},
		"string.prototype.padend": {
			"version": "3.0.0",
			"resolved": "http://r.cnpmjs.org/string.prototype.padend/download/string.prototype.padend-3.0.0.tgz",
			"integrity": "sha1-86rvfBcZ8XDF6rHDK/eA2W4h8vA=",
			"dev": true,
			"requires": {
				"define-properties": "^1.1.2",
				"es-abstract": "^1.4.3",
				"function-bind": "^1.0.2"
			}
		},
		"strip-bom": {
			"version": "3.0.0",
			"resolved": "http://r.cnpmjs.org/strip-bom/download/strip-bom-3.0.0.tgz",
			"integrity": "sha1-IzTBjpx1n3vdVv3vfprj1YjmjtM=",
			"dev": true
		},
		"supports-color": {
			"version": "5.5.0",
			"resolved": "http://r.cnpmjs.org/supports-color/download/supports-color-5.5.0.tgz",
			"integrity": "sha1-4uaaRKyHcveKHsCzW2id9lMO/I8=",
			"dev": true,
			"requires": {
				"has-flag": "^3.0.0"
			}
		},
		"to-fast-properties": {
			"version": "2.0.0",
			"resolved": "https://registry.npmjs.org/to-fast-properties/-/to-fast-properties-2.0.0.tgz",
			"integrity": "sha1-3F5pjL0HkmW8c+A3doGk5Og/YW4=",
			"dev": true
		},
		"typescript": {
			"version": "3.4.5",
			"resolved": "http://r.cnpmjs.org/typescript/download/typescript-3.4.5.tgz",
			"integrity": "sha1-LSYY0Qu1ZlcrjXqtUYDYQlfXCpk="
		},
		"uc.micro": {
			"version": "1.0.6",
			"resolved": "https://registry.npmjs.org/uc.micro/-/uc.micro-1.0.6.tgz",
			"integrity": "sha512-8Y75pvTYkLJW2hWQHXxoqRgV7qb9B+9vFEtidML+7koHUFapnVJAZ6cKs+Qjz5Aw3aZWHMC6u0wJE3At+nSGwA=="
		},
		"validate-npm-package-license": {
			"version": "3.0.4",
			"resolved": "http://r.cnpmjs.org/validate-npm-package-license/download/validate-npm-package-license-3.0.4.tgz",
			"integrity": "sha1-/JH2uce6FchX9MssXe/uw51PQQo=",
			"dev": true,
			"requires": {
				"spdx-correct": "^3.0.0",
				"spdx-expression-parse": "^3.0.0"
			}
		},
		"which": {
			"version": "1.3.1",
			"resolved": "http://r.cnpmjs.org/which/download/which-1.3.1.tgz",
			"integrity": "sha1-pFBD1U9YBTFtqNYvn1CRjT2nCwo=",
			"dev": true,
			"requires": {
				"isexe": "^2.0.0"
			}
		}
	}
}
